<?xml version="1.0" encoding="utf-8"?>
<Project ToolsVersion="4.0" xmlns="http://schemas.microsoft.com/developer/msbuild/2003">
  <ItemGroup>
    <FxCompile Include="..\Bin\ShaderFilesPath\ShaderRect.hlsl" />
  </ItemGroup>
  <ItemGroup>
    <ClCompile Include="..\Code\Ax.cpp" />
    <ClCompile Include="..\Code\BGMDownBtn.cpp" />
    <ClCompile Include="..\Code\BGMUpBtn.cpp" />
    <ClCompile Include="..\Code\Box.cpp" />
    <ClCompile Include="..\Code\Bullet.cpp" />
    <ClCompile Include="..\Code\BulletShell.cpp" />
    <ClCompile Include="..\Code\Change_Stage.cpp" />
    <ClCompile Include="..\Code\Coin.cpp" />
    <ClCompile Include="..\Code\CoinKeyUI.cpp" />
    <ClCompile Include="..\Code\DashUI.cpp" />
    <ClCompile Include="..\Code\Exit_Button.cpp" />
    <ClCompile Include="..\Code\HarpoonGuy.cpp" />
    <ClCompile Include="..\Code\HealthPotion.cpp" />
    <ClCompile Include="..\Code\Helmet.cpp" />
    <ClCompile Include="..\Code\Helmet2.cpp" />
    <ClCompile Include="..\Code\HpBar.cpp" />
    <ClCompile Include="..\Code\Key.cpp" />
    <ClCompile Include="..\Code\LoadingBackFont.cpp" />
    <ClCompile Include="..\Code\Loading_Image.cpp" />
    <ClCompile Include="..\Code\Magnum.cpp" />
    <ClCompile Include="..\Code\MonsterBullet.cpp" />
    <ClCompile Include="..\Code\ObjectMgr.cpp" />
    <ClCompile Include="..\Code\Obstacle.cpp" />
    <ClCompile Include="..\Code\Player_Dead_UI.cpp" />
    <ClCompile Include="..\Code\QuestTalkingFrame.cpp" />
    <ClCompile Include="..\Code\QuizBox.cpp" />
    <ClCompile Include="..\Code\SettingButton.cpp" />
    <ClCompile Include="..\Code\Setting_BackGround.cpp" />
    <ClCompile Include="..\Code\Setting_Stage.cpp" />
    <ClCompile Include="..\Code\SkyBox.cpp" />
    <ClCompile Include="..\Code\Snowfall.cpp" />
    <ClCompile Include="..\Code\Soldier.cpp" />
    <ClCompile Include="..\Code\SoldierBullet.cpp" />
    <ClCompile Include="..\Code\SoundBox_UI.cpp" />
    <ClCompile Include="..\Code\Special_Effect.cpp" />
    <ClCompile Include="..\Code\Sphinx.cpp" />
    <ClCompile Include="..\Code\SphinxBullet.cpp" />
    <ClCompile Include="..\Code\SphinxFlyHead.cpp" />
    <ClCompile Include="..\Code\SphinxHole.cpp" />
    <ClCompile Include="..\Code\Spider.cpp" />
    <ClCompile Include="..\Code\Start_Button.cpp" />
    <ClCompile Include="..\Code\StaticCamera.cpp" />
    <ClCompile Include="..\Code\Status_UI.cpp" />
    <ClCompile Include="..\Code\TapeWorm.cpp" />
    <ClCompile Include="..\Code\TeleCube.cpp" />
    <ClCompile Include="..\Code\Terrain.cpp" />
    <ClCompile Include="..\Code\TestCube.cpp" />
    <ClCompile Include="..\Code\TestMonster.cpp" />
    <ClCompile Include="..\Code\TestPlayer.cpp" />
    <ClCompile Include="Imgui\GraphEditor.cpp" />
    <ClCompile Include="stdafx.cpp" />
    <ClCompile Include="..\Code\Anubis.cpp">
      <Filter>02. GameObject\01. For_Stage\01.Monster\00. Anubis</Filter>
    </ClCompile>
    <ClCompile Include="..\Code\AnubisStormBall.cpp">
      <Filter>02. GameObject\01. For_Stage\01.Monster\00. Anubis</Filter>
    </ClCompile>
    <ClCompile Include="..\Code\AnubisThunder.cpp">
      <Filter>02. GameObject\01. For_Stage\01.Monster\00. Anubis</Filter>
    </ClCompile>
    <ClCompile Include="..\Code\AttackEffect.cpp">
      <Filter>02. GameObject\01. For_Stage\07. Effect\Attack_Effect</Filter>
    </ClCompile>
    <ClCompile Include="..\Code\BackButton.cpp" />
    <ClCompile Include="..\Code\BackGround.cpp">
      <Filter>02. GameObject\00. For_Logo\00. BackGround</Filter>
    </ClCompile>
    <ClCompile Include="Client.cpp">
      <Filter>99. Default</Filter>
    </ClCompile>
    <ClCompile Include="..\Code\ControlRoom.cpp">
      <Filter>02. GameObject\02. For_Public\06. ControlRoom</Filter>
    </ClCompile>
    <ClCompile Include="Imgui\imgui.cpp">
      <Filter>98. Imgui</Filter>
    </ClCompile>
    <ClCompile Include="Imgui\ImGradient.cpp">
      <Filter>98. Imgui</Filter>
    </ClCompile>
    <ClCompile Include="Imgui\ImCurveEdit.cpp">
      <Filter>98. Imgui</Filter>
    </ClCompile>
    <ClCompile Include="Imgui\imgui_demo.cpp">
      <Filter>98. Imgui</Filter>
    </ClCompile>
    <ClCompile Include="Imgui\imgui_draw.cpp">
      <Filter>98. Imgui</Filter>
    </ClCompile>
    <ClCompile Include="Imgui\imgui_impl_dx9.cpp">
      <Filter>98. Imgui</Filter>
    </ClCompile>
    <ClCompile Include="Imgui\imgui_impl_win32.cpp">
      <Filter>98. Imgui</Filter>
    </ClCompile>
    <ClCompile Include="Imgui\imgui_tables.cpp">
      <Filter>98. Imgui</Filter>
    </ClCompile>
    <ClCompile Include="Imgui\imgui_widgets.cpp">
      <Filter>98. Imgui</Filter>
    </ClCompile>
    <ClCompile Include="Imgui\ImGuiFileBrowser.cpp">
      <Filter>98. Imgui</Filter>
    </ClCompile>
    <ClCompile Include="Imgui\ImGuiFileDialog.cpp">
      <Filter>98. Imgui</Filter>
    </ClCompile>
    <ClCompile Include="Imgui\ImGuizmo.cpp">
      <Filter>98. Imgui</Filter>
    </ClCompile>
    <ClCompile Include="Imgui\ImSequencer.cpp">
      <Filter>98. Imgui</Filter>
    </ClCompile>
    <ClCompile Include="..\Code\MainApp.cpp">
      <Filter>00. MainApp</Filter>
    </ClCompile>
    <ClCompile Include="..\Code\Player.cpp">
      <Filter>02. GameObject\01. For_Stage\00. Player</Filter>
    </ClCompile>
    <ClCompile Include="..\Code\MouseMgr.cpp">
      <Filter>97. Mgr\04. MouseMgr</Filter>
    </ClCompile>
    <ClCompile Include="..\Code\MyCamera.cpp">
      <Filter>02. GameObject\02. For_Public\02. MyCamera</Filter>
    </ClCompile>
    <ClCompile Include="..\Code\QuestNpc.cpp">
      <Filter>02. GameObject\01. For_Stage\15. NPC\00. QuestNpc</Filter>
    </ClCompile>
    <ClCompile Include="..\Code\EarthSpike.cpp">
      <Filter>02. GameObject\01. For_Stage\01.Monster\05. EarthShaker</Filter>
    </ClCompile>
    <ClCompile Include="..\Code\EarthShaker.cpp">
      <Filter>02. GameObject\01. For_Stage\01.Monster\05. EarthShaker</Filter>
    </ClCompile>
    <ClCompile Include="..\Code\FireTrap.cpp">
      <Filter>02. GameObject\01. For_Stage\01.Monster\06. FireTrap</Filter>
    </ClCompile>
    <ClCompile Include="..\Code\FirePillar.cpp">
      <Filter>02. GameObject\01. For_Stage\01.Monster\06. FireTrap</Filter>
    </ClCompile>
    <ClCompile Include="..\Code\FinalBoss.cpp">
      <Filter>02. GameObject\01. For_Stage\01.Monster\07. FinalBoss</Filter>
    </ClCompile>
    <ClCompile Include="..\Code\FatBat.cpp">
      <Filter>02. GameObject\01. For_Stage\01.Monster\01. FatBat</Filter>
    </ClCompile>
    <ClCompile Include="..\Code\Bullet_UI.cpp">
      <Filter>02. GameObject\01. For_Stage\10.UI\01. BulletUI</Filter>
    </ClCompile>
    <ClCompile Include="..\Code\ImGuiMgr.cpp">
      <Filter>97. Mgr\02. ImguiMgr</Filter>
    </ClCompile>
    <ClCompile Include="..\Code\FileIOMgr.cpp">
      <Filter>97. Mgr\01. FileMgr</Filter>
    </ClCompile>
    <ClCompile Include="..\Code\Gun_Screen.cpp">
      <Filter>02. GameObject\01. For_Stage\12. Gun_Screen</Filter>
    </ClCompile>
    <ClCompile Include="..\Code\Ghul.cpp">
      <Filter>02. GameObject\01. For_Stage\01.Monster\04. Ghul</Filter>
    </ClCompile>
    <ClCompile Include="..\Code\DynamicCamera.cpp">
      <Filter>02. GameObject\02. For_Public\00. Dynamic_Camera</Filter>
    </ClCompile>
    <ClCompile Include="..\Code\Effect.cpp">
      <Filter>02. GameObject\01. For_Stage\07. Effect</Filter>
    </ClCompile>
    <ClCompile Include="..\Code\Loading.cpp">
      <Filter>01. Scene\99. Loading</Filter>
    </ClCompile>
    <ClCompile Include="..\Code\Inventory_UI.cpp">
      <Filter>02. GameObject\01. For_Stage\10.UI\07. Inventory_UI</Filter>
    </ClCompile>
    <ClCompile Include="..\Code\MetronomeUI.cpp">
      <Filter>02. GameObject\01. For_Stage\10.UI\00. MetronomeUI</Filter>
    </ClCompile>
    <ClCompile Include="..\Code\MetronomeRect.cpp">
      <Filter>02. GameObject\01. For_Stage\10.UI\00. MetronomeUI\01. MetronomeRect</Filter>
    </ClCompile>
    <ClCompile Include="..\Code\MetronomeSmallUI.cpp">
      <Filter>02. GameObject\01. For_Stage\10.UI\00. MetronomeUI\00. MetronomSmall</Filter>
    </ClCompile>
    <ClCompile Include="..\Code\Logo.cpp">
      <Filter>01. Scene\00. Logo</Filter>
    </ClCompile>
    <ClCompile Include="..\Code\MiniStage1.cpp">
      <Filter>01. Scene\02. MiniMap\00. MiniGame1</Filter>
    </ClCompile>
    <ClCompile Include="..\Code\MonsterToolObject.cpp">
      <Filter>97. Mgr\02. ImguiMgr\MonsterTool</Filter>
    </ClCompile>
    <ClCompile Include="..\Code\Npc.cpp">
      <Filter>02. GameObject\01. For_Stage\15. NPC\01. ShopNpc</Filter>
    </ClCompile>
    <ClCompile Include="..\Code\ToolTest.cpp">
      <Filter>01. Scene\98. ToolScene</Filter>
    </ClCompile>
    <ClCompile Include="..\Code\UI_Effect.cpp">
      <Filter>02. GameObject\01. For_Stage\07. Effect\UI_Effect</Filter>
    </ClCompile>
    <ClCompile Include="..\Code\WallCube.cpp">
      <Filter>02. GameObject\02. For_Public\03. CubeWall</Filter>
    </ClCompile>
    <ClCompile Include="..\Code\Weapon_UI.cpp">
      <Filter>02. GameObject\01. For_Stage\10.UI\02. WeaponUI</Filter>
    </ClCompile>
    <ClCompile Include="..\Code\UI_Frame.cpp">
      <Filter>02. GameObject\01. For_Stage\10.UI\08. UI_Frame</Filter>
    </ClCompile>
    <ClCompile Include="..\Code\Obelisk.cpp">
      <Filter>02. GameObject\01. For_Stage\01.Monster\03. Obelisk</Filter>
    </ClCompile>
    <ClCompile Include="..\Code\ObeliskSpawnEffect.cpp">
      <Filter>02. GameObject\01. For_Stage\01.Monster\03. Obelisk</Filter>
    </ClCompile>
    <ClCompile Include="..\Code\ObeliskWreck.cpp">
      <Filter>02. GameObject\01. For_Stage\01.Monster\03. Obelisk</Filter>
    </ClCompile>
    <ClCompile Include="..\Code\SkillEffct.cpp">
      <Filter>02. GameObject\01. For_Stage\07. Effect\Skill_Effect</Filter>
    </ClCompile>
    <ClCompile Include="..\Code\ShotGun.cpp">
      <Filter>02. GameObject\01. For_Stage\13. Equipment\01. ShotGun</Filter>
    </ClCompile>
    <ClCompile Include="..\Code\ShopUI.cpp">
      <Filter>02. GameObject\01. For_Stage\10.UI\12. ShopUI</Filter>
    </ClCompile>
    <ClCompile Include="..\Code\HitBlood.cpp">
      <Filter>02. GameObject\01. For_Stage\07. Effect\Hit_Effect</Filter>
    </ClCompile>
    <ClCompile Include="..\Code\HitEffect.cpp">
      <Filter>02. GameObject\01. For_Stage\07. Effect\Hit_Effect</Filter>
    </ClCompile>
    <ClCompile Include="..\Code\Stage.cpp">
      <Filter>01. Scene\01. Stage</Filter>
    </ClCompile>
  </ItemGroup>
  <ItemGroup>
    <ClInclude Include="..\Header\Ax.h" />
    <ClInclude Include="..\Header\BGMDownBtn.h" />
    <ClInclude Include="..\Header\BGMUpBtn.h" />
    <ClInclude Include="..\Header\Box.h" />
    <ClInclude Include="..\Header\Bullet.h" />
    <ClInclude Include="..\Header\BulletShell.h" />
    <ClInclude Include="..\Header\Change_Stage.h" />
    <ClInclude Include="..\Header\Coin.h" />
    <ClInclude Include="..\Header\CoinKeyUI.h" />
    <ClInclude Include="..\Header\DashUI.h" />
    <ClInclude Include="..\Header\Exit_Button.h" />
    <ClInclude Include="..\Header\HarpoonGuy.h" />
    <ClInclude Include="..\Header\HealthPotion.h" />
    <ClInclude Include="..\Header\Helmet.h" />
    <ClInclude Include="..\Header\Helmet2.h" />
    <ClInclude Include="..\Header\HpBar.h" />
    <ClInclude Include="..\Header\Key.h" />
    <ClInclude Include="..\Header\LoadingBackFont.h" />
    <ClInclude Include="..\Header\Loading_Image.h" />
    <ClInclude Include="..\Header\Magnum.h" />
    <ClInclude Include="..\Header\MonsterBullet.h" />
    <ClInclude Include="..\Header\ObjectMgr.h" />
    <ClInclude Include="..\Header\Obstacle.h" />
    <ClInclude Include="..\Header\Player_Dead_UI.h" />
    <ClInclude Include="..\Header\QuestTalkingFrame.h" />
    <ClInclude Include="..\Header\QuizBox.h" />
    <ClInclude Include="..\Header\SettingButton.h" />
    <ClInclude Include="..\Header\Setting_BackGround.h" />
    <ClInclude Include="..\Header\Setting_Stage.h" />
    <ClInclude Include="..\Header\SkyBox.h" />
    <ClInclude Include="..\Header\Snowfall.h" />
    <ClInclude Include="..\Header\Soldier.h" />
    <ClInclude Include="..\Header\SoldierBullet.h" />
    <ClInclude Include="..\Header\SoundBox_UI.h" />
    <ClInclude Include="..\Header\Special_Effect.h" />
    <ClInclude Include="..\Header\Sphinx.h" />
    <ClInclude Include="..\Header\SphinxBullet.h" />
    <ClInclude Include="..\Header\SphinxFlyHead.h" />
    <ClInclude Include="..\Header\SphinxHole.h" />
    <ClInclude Include="..\Header\Spider.h" />
    <ClInclude Include="..\Header\Stage1PreHeader.h" />
    <ClInclude Include="..\Header\Start_Button.h" />
    <ClInclude Include="..\Header\StaticCamera.h" />
    <ClInclude Include="..\Header\Status_UI.h" />
    <ClInclude Include="..\Header\TapeWorm.h" />
    <ClInclude Include="..\Header\TeleCube.h" />
    <ClInclude Include="..\Header\Terrain.h" />
    <ClInclude Include="..\Header\TestCube.h" />
    <ClInclude Include="..\Header\TestMonster.h" />
    <ClInclude Include="..\Header\TestPlayer.h" />
    <ClInclude Include="Imgui\GraphEditor.h" />
    <ClInclude Include="Resource.h" />
    <ClInclude Include="stdafx.h" />
    <ClInclude Include="targetver.h" />
    <ClInclude Include="..\Header\Anubis.h">
      <Filter>02. GameObject\01. For_Stage\01.Monster\00. Anubis</Filter>
    </ClInclude>
    <ClInclude Include="..\Header\AnubisStormBall.h">
      <Filter>02. GameObject\01. For_Stage\01.Monster\00. Anubis</Filter>
    </ClInclude>
    <ClInclude Include="..\Header\AnubisThunder.h">
      <Filter>02. GameObject\01. For_Stage\01.Monster\00. Anubis</Filter>
    </ClInclude>
    <ClInclude Include="..\Header\AbstractFactory.h">
      <Filter>97. Mgr\03. AbstactFactory</Filter>
    </ClInclude>
    <ClInclude Include="..\Header\AttackEffect.h">
      <Filter>02. GameObject\01. For_Stage\07. Effect\Attack_Effect</Filter>
    </ClInclude>
    <ClInclude Include="..\Header\BackButton.h" />
    <ClInclude Include="..\Header\BackGround.h">
      <Filter>02. GameObject\00. For_Logo\00. BackGround</Filter>
    </ClInclude>
    <ClInclude Include="Client.h">
      <Filter>99. Default</Filter>
    </ClInclude>
    <ClInclude Include="..\Header\ControlRoom.h">
      <Filter>02. GameObject\02. For_Public\06. ControlRoom</Filter>
    </ClInclude>
    <ClInclude Include="Imgui\ImGradient.h">
      <Filter>98. Imgui</Filter>
    </ClInclude>
    <ClInclude Include="Imgui\ImCurveEdit.h">
      <Filter>98. Imgui</Filter>
    </ClInclude>
    <ClInclude Include="Imgui\imconfig.h">
      <Filter>98. Imgui</Filter>
    </ClInclude>
    <ClInclude Include="Imgui\imgui.h">
      <Filter>98. Imgui</Filter>
    </ClInclude>
    <ClInclude Include="Imgui\imgui_impl_dx9.h">
      <Filter>98. Imgui</Filter>
    </ClInclude>
    <ClInclude Include="Imgui\imgui_impl_win32.h">
      <Filter>98. Imgui</Filter>
    </ClInclude>
    <ClInclude Include="Imgui\imgui_internal.h">
      <Filter>98. Imgui</Filter>
    </ClInclude>
    <ClInclude Include="Imgui\ImGuiFileBrowser.h">
      <Filter>98. Imgui</Filter>
    </ClInclude>
    <ClInclude Include="Imgui\ImGuiFileDialog.h">
      <Filter>98. Imgui</Filter>
    </ClInclude>
    <ClInclude Include="Imgui\ImGuiFileDialogConfig.h">
      <Filter>98. Imgui</Filter>
    </ClInclude>
    <ClInclude Include="Imgui\ImGuizmo.h">
      <Filter>98. Imgui</Filter>
    </ClInclude>
    <ClInclude Include="Imgui\ImSequencer.h">
      <Filter>98. Imgui</Filter>
    </ClInclude>
    <ClInclude Include="Imgui\imstb_rectpack.h">
      <Filter>98. Imgui</Filter>
    </ClInclude>
    <ClInclude Include="Imgui\imstb_textedit.h">
      <Filter>98. Imgui</Filter>
    </ClInclude>
    <ClInclude Include="Imgui\ImZoomSlider.h">
      <Filter>98. Imgui</Filter>
    </ClInclude>
    <ClInclude Include="Imgui\imstb_truetype.h">
      <Filter>98. Imgui</Filter>
    </ClInclude>
    <ClInclude Include="..\Header\MainApp.h">
      <Filter>00. MainApp</Filter>
    </ClInclude>
    <ClInclude Include="..\Header\Player.h">
      <Filter>02. GameObject\01. For_Stage\00. Player</Filter>
    </ClInclude>
    <ClInclude Include="..\Header\MouseMgr.h">
      <Filter>97. Mgr\04. MouseMgr</Filter>
    </ClInclude>
    <ClInclude Include="..\Header\MyCamera.h">
      <Filter>02. GameObject\02. For_Public\02. MyCamera</Filter>
    </ClInclude>
    <ClInclude Include="..\Header\QuestNpc.h">
      <Filter>02. GameObject\01. For_Stage\15. NPC\00. QuestNpc</Filter>
    </ClInclude>
    <ClInclude Include="..\Header\EarthShaker.h">
      <Filter>02. GameObject\01. For_Stage\01.Monster\05. EarthShaker</Filter>
    </ClInclude>
    <ClInclude Include="..\Header\EarthSpike.h">
      <Filter>02. GameObject\01. For_Stage\01.Monster\05. EarthShaker</Filter>
    </ClInclude>
    <ClInclude Include="..\Header\FireTrap.h">
      <Filter>02. GameObject\01. For_Stage\01.Monster\06. FireTrap</Filter>
    </ClInclude>
    <ClInclude Include="..\Header\FirePillar.h">
      <Filter>02. GameObject\01. For_Stage\01.Monster\06. FireTrap</Filter>
    </ClInclude>
    <ClInclude Include="..\Header\FinalBoss.h">
      <Filter>02. GameObject\01. For_Stage\01.Monster\07. FinalBoss</Filter>
    </ClInclude>
    <ClInclude Include="..\Header\FatBat.h">
      <Filter>02. GameObject\01. For_Stage\01.Monster\01. FatBat</Filter>
    </ClInclude>
    <ClInclude Include="..\Header\Bullet_UI.h">
      <Filter>02. GameObject\01. For_Stage\10.UI\01. BulletUI</Filter>
    </ClInclude>
    <ClInclude Include="..\Header\ImGuiMgr.h">
      <Filter>97. Mgr\02. ImguiMgr</Filter>
    </ClInclude>
    <ClInclude Include="..\Header\FileIOMgr.h">
      <Filter>97. Mgr\01. FileMgr</Filter>
    </ClInclude>
    <ClInclude Include="..\Header\Gun_Screen.h">
      <Filter>02. GameObject\01. For_Stage\12. Gun_Screen</Filter>
    </ClInclude>
    <ClInclude Include="..\Header\Ghul.h">
      <Filter>02. GameObject\01. For_Stage\01.Monster\04. Ghul</Filter>
    </ClInclude>
    <ClInclude Include="..\Header\DynamicCamera.h">
      <Filter>02. GameObject\02. For_Public\00. Dynamic_Camera</Filter>
    </ClInclude>
    <ClInclude Include="..\Header\Effect.h">
      <Filter>02. GameObject\01. For_Stage\07. Effect</Filter>
    </ClInclude>
    <ClInclude Include="..\Header\Loading.h">
      <Filter>01. Scene\99. Loading</Filter>
    </ClInclude>
    <ClInclude Include="..\Header\Inventory_UI.h">
      <Filter>02. GameObject\01. For_Stage\10.UI\07. Inventory_UI</Filter>
    </ClInclude>
    <ClInclude Include="..\Header\MetronomeUI.h">
      <Filter>02. GameObject\01. For_Stage\10.UI\00. MetronomeUI</Filter>
    </ClInclude>
    <ClInclude Include="..\Header\MetronomeRect.h">
      <Filter>02. GameObject\01. For_Stage\10.UI\00. MetronomeUI\01. MetronomeRect</Filter>
    </ClInclude>
    <ClInclude Include="..\Header\MetronomeSmallUI.h">
      <Filter>02. GameObject\01. For_Stage\10.UI\00. MetronomeUI\00. MetronomSmall</Filter>
    </ClInclude>
    <ClInclude Include="..\Header\Logo.h">
      <Filter>01. Scene\00. Logo</Filter>
    </ClInclude>
    <ClInclude Include="..\Header\MiniStage1.h">
      <Filter>01. Scene\02. MiniMap\00. MiniGame1</Filter>
    </ClInclude>
    <ClInclude Include="..\Header\MonsterToolObject.h">
      <Filter>97. Mgr\02. ImguiMgr\MonsterTool</Filter>
    </ClInclude>
    <ClInclude Include="..\Header\Npc.h">
      <Filter>02. GameObject\01. For_Stage\15. NPC\01. ShopNpc</Filter>
    </ClInclude>
    <ClInclude Include="..\Header\ToolTest.h">
      <Filter>01. Scene\98. ToolScene</Filter>
    </ClInclude>
    <ClInclude Include="..\Header\UI_Effect.h">
      <Filter>02. GameObject\01. For_Stage\07. Effect\UI_Effect</Filter>
    </ClInclude>
    <ClInclude Include="..\Header\WallCube.h">
      <Filter>02. GameObject\02. For_Public\03. CubeWall</Filter>
    </ClInclude>
    <ClInclude Include="..\Header\Weapon_UI.h">
      <Filter>02. GameObject\01. For_Stage\10.UI\02. WeaponUI</Filter>
    </ClInclude>
    <ClInclude Include="..\Header\UI_Frame.h">
      <Filter>02. GameObject\01. For_Stage\10.UI\08. UI_Frame</Filter>
    </ClInclude>
    <ClInclude Include="..\Header\Obelisk.h">
      <Filter>02. GameObject\01. For_Stage\01.Monster\03. Obelisk</Filter>
    </ClInclude>
    <ClInclude Include="..\Header\ObeliskSpawnEffect.h">
      <Filter>02. GameObject\01. For_Stage\01.Monster\03. Obelisk</Filter>
    </ClInclude>
    <ClInclude Include="..\Header\ObeliskWreck.h">
      <Filter>02. GameObject\01. For_Stage\01.Monster\03. Obelisk</Filter>
    </ClInclude>
    <ClInclude Include="..\Header\SkillEffct.h">
      <Filter>02. GameObject\01. For_Stage\07. Effect\Skill_Effect</Filter>
    </ClInclude>
    <ClInclude Include="..\Header\ShotGun.h">
      <Filter>02. GameObject\01. For_Stage\13. Equipment\01. ShotGun</Filter>
    </ClInclude>
    <ClInclude Include="..\Header\ShopUI.h">
      <Filter>02. GameObject\01. For_Stage\10.UI\12. ShopUI</Filter>
    </ClInclude>
    <ClInclude Include="..\Header\HitBlood.h">
      <Filter>02. GameObject\01. For_Stage\07. Effect\Hit_Effect</Filter>
    </ClInclude>
    <ClInclude Include="..\Header\HitEffect.h">
      <Filter>02. GameObject\01. For_Stage\07. Effect\Hit_Effect</Filter>
    </ClInclude>
    <ClInclude Include="..\Header\Stage.h">
      <Filter>01. Scene\01. Stage</Filter>
    </ClInclude>
  </ItemGroup>
  <ItemGroup>
    <Image Include="small.ico" />
    <Image Include="Client.ico">
      <Filter>99. Default</Filter>
    </Image>
  </ItemGroup>
  <ItemGroup>
    <Text Include="ReadMe.txt" />
  </ItemGroup>
  <ItemGroup>
    <Filter Include="00. MainApp">
      <UniqueIdentifier>{82e69527-5b6d-43c6-881f-8512240f2319}</UniqueIdentifier>
    </Filter>
    <Filter Include="01. Scene">
      <UniqueIdentifier>{0aec3f3d-a91c-4786-bb73-75e0b1b325d6}</UniqueIdentifier>
    </Filter>
    <Filter Include="01. Scene\00. Logo">
      <UniqueIdentifier>{6edc474f-5fa9-46db-aaa8-ffa6a33dc5d3}</UniqueIdentifier>
    </Filter>
    <Filter Include="01. Scene\01. Stage">
      <UniqueIdentifier>{4e5a1207-91ed-4d9f-ad9b-b0c04ebb7ff3}</UniqueIdentifier>
    </Filter>
    <Filter Include="01. Scene\02. MiniMap">
      <UniqueIdentifier>{10d11cbb-74a8-4b89-b49f-0c9e1268ea5a}</UniqueIdentifier>
    </Filter>
    <Filter Include="01. Scene\98. ToolScene">
      <UniqueIdentifier>{bbaecb4c-8604-4dfe-a736-342686a19d76}</UniqueIdentifier>
    </Filter>
    <Filter Include="02. GameObject">
      <UniqueIdentifier>{44bbdeda-7a89-4a24-8274-6bd3693a5a3d}</UniqueIdentifier>
    </Filter>
    <Filter Include="02. GameObject\00. For_Logo">
      <UniqueIdentifier>{4dc9bef4-38bd-42fc-8de0-73acbfb85704}</UniqueIdentifier>
    </Filter>
    <Filter Include="02. GameObject\01. For_Stage">
      <UniqueIdentifier>{5d6f64f4-305f-4815-855e-9d5373d3121a}</UniqueIdentifier>
    </Filter>
    <Filter Include="02. GameObject\01. For_Stage\01.Monster">
      <UniqueIdentifier>{9b1071a8-a035-460e-910b-d60c0c702ca4}</UniqueIdentifier>
    </Filter>
    <Filter Include="02. GameObject\01. For_Stage\01.Monster\00. Anubis">
      <UniqueIdentifier>{b6dc7b02-c03a-4f43-82d6-b1f136251292}</UniqueIdentifier>
    </Filter>
    <Filter Include="02. GameObject\01. For_Stage\01.Monster\01. FatBat">
      <UniqueIdentifier>{27427a1e-e0f0-480b-a3d5-664b90ce091d}</UniqueIdentifier>
    </Filter>
    <Filter Include="02. GameObject\01. For_Stage\01.Monster\02. Sphinx">
      <UniqueIdentifier>{6f7bfacb-f55d-4afd-8e2b-a7c4a0de9d45}</UniqueIdentifier>
    </Filter>
    <Filter Include="02. GameObject\01. For_Stage\01.Monster\02. Sphinx\01. bullet">
      <UniqueIdentifier>{bccccf3b-8457-4180-8806-b6be547f8169}</UniqueIdentifier>
    </Filter>
    <Filter Include="02. GameObject\01. For_Stage\01.Monster\02. Sphinx\02. FlyHead">
      <UniqueIdentifier>{3e3f89b8-84da-4c1e-a219-dd52fea42573}</UniqueIdentifier>
    </Filter>
    <Filter Include="02. GameObject\01. For_Stage\01.Monster\02. Sphinx\03. HitEffect">
      <UniqueIdentifier>{a08f9bc1-f297-400d-b906-1d9d1d908715}</UniqueIdentifier>
    </Filter>
    <Filter Include="02. GameObject\01. For_Stage\01.Monster\03. Obelisk">
      <UniqueIdentifier>{5c0b9ecc-e726-4486-a0dc-228cf7618a9e}</UniqueIdentifier>
    </Filter>
    <Filter Include="02. GameObject\01. For_Stage\01.Monster\04. Ghul">
      <UniqueIdentifier>{a4cf5072-bef4-424a-82dd-5459c8af1895}</UniqueIdentifier>
    </Filter>
    <Filter Include="02. GameObject\01. For_Stage\01.Monster\05. EarthShaker">
      <UniqueIdentifier>{0ad71b76-31a9-4341-acd7-03fe0860b03e}</UniqueIdentifier>
    </Filter>
    <Filter Include="02. GameObject\01. For_Stage\00. Player">
      <UniqueIdentifier>{c7635a40-a49b-46d0-8fc8-22e9f41fa754}</UniqueIdentifier>
    </Filter>
    <Filter Include="02. GameObject\01. For_Stage\06. Bullet">
      <UniqueIdentifier>{d12bad68-268e-4fae-9f14-630e6f26f5e0}</UniqueIdentifier>
    </Filter>
    <Filter Include="02. GameObject\01. For_Stage\07. Effect">
      <UniqueIdentifier>{a5eb4899-1ab6-4999-9b5d-5cbbece7513e}</UniqueIdentifier>
    </Filter>
    <Filter Include="02. GameObject\01. For_Stage\07. Effect\Attack_Effect">
      <UniqueIdentifier>{2be1584a-4224-4c19-9f73-485823c4e9f2}</UniqueIdentifier>
    </Filter>
    <Filter Include="02. GameObject\01. For_Stage\07. Effect\Hit_Effect">
      <UniqueIdentifier>{9dee7e8e-0fef-45a7-97b0-eb2b26abe7ad}</UniqueIdentifier>
    </Filter>
    <Filter Include="02. GameObject\01. For_Stage\07. Effect\Skill_Effect">
      <UniqueIdentifier>{de6762c3-8d1a-4ae4-b149-0e0e0ea58f20}</UniqueIdentifier>
    </Filter>
    <Filter Include="02. GameObject\01. For_Stage\07. Effect\Special_Effect">
      <UniqueIdentifier>{3d2a3042-61a6-4447-ae97-2bd66717aef9}</UniqueIdentifier>
    </Filter>
    <Filter Include="02. GameObject\01. For_Stage\07. Effect\UI_Effect">
      <UniqueIdentifier>{4a35afa1-fd41-410d-9ddc-fb243253fb18}</UniqueIdentifier>
    </Filter>
    <Filter Include="02. GameObject\01. For_Stage\14. Obstacle">
      <UniqueIdentifier>{4799bd58-5132-45fb-be6e-d27831b45661}</UniqueIdentifier>
    </Filter>
    <Filter Include="02. GameObject\01. For_Stage\15. NPC">
      <UniqueIdentifier>{f3476a35-4e3b-475c-b3b0-0994846b3c0c}</UniqueIdentifier>
    </Filter>
    <Filter Include="02. GameObject\01. For_Stage\09. Particle">
      <UniqueIdentifier>{0ebe7343-27a4-4763-b104-9b2c737dbcb2}</UniqueIdentifier>
    </Filter>
    <Filter Include="02. GameObject\01. For_Stage\10.UI">
      <UniqueIdentifier>{f280e8a4-c341-4f85-8ef3-848325810d44}</UniqueIdentifier>
    </Filter>
    <Filter Include="02. GameObject\01. For_Stage\10.UI\00. MetronomeUI">
      <UniqueIdentifier>{b497fb92-c538-4dd8-a3b4-1f6da5058695}</UniqueIdentifier>
    </Filter>
    <Filter Include="02. GameObject\01. For_Stage\10.UI\01. BulletUI">
      <UniqueIdentifier>{bdf6f2cc-896d-4027-a97f-5ade9228c052}</UniqueIdentifier>
    </Filter>
    <Filter Include="02. GameObject\01. For_Stage\10.UI\02. WeaponUI">
      <UniqueIdentifier>{79839584-1143-4433-8e8e-8808afd73510}</UniqueIdentifier>
    </Filter>
    <Filter Include="02. GameObject\01. For_Stage\10.UI\03. HpBar">
      <UniqueIdentifier>{7d45d960-7f38-4734-af91-30dbf3cac5ec}</UniqueIdentifier>
    </Filter>
    <Filter Include="02. GameObject\01. For_Stage\10.UI\04. Status_UI">
      <UniqueIdentifier>{6fc05099-0d81-4b97-806f-d392e590a82a}</UniqueIdentifier>
    </Filter>
    <Filter Include="02. GameObject\01. For_Stage\10.UI\05. CoinUI">
      <UniqueIdentifier>{5b1abd5d-7fe9-4cd3-bd65-1acf87874d96}</UniqueIdentifier>
    </Filter>
    <Filter Include="02. GameObject\01. For_Stage\10.UI\06. DashUI">
      <UniqueIdentifier>{f57f60a1-d76b-401f-8039-b3c19aa3268b}</UniqueIdentifier>
    </Filter>
    <Filter Include="02. GameObject\01. For_Stage\10.UI\07. Inventory_UI">
      <UniqueIdentifier>{fc27ddba-1fb9-48b9-a1a5-c1f6001a1ee4}</UniqueIdentifier>
    </Filter>
    <Filter Include="02. GameObject\01. For_Stage\10.UI\08. UI_Frame">
      <UniqueIdentifier>{705cf9d9-865d-4e9a-8ecd-21808b3ead65}</UniqueIdentifier>
    </Filter>
    <Filter Include="02. GameObject\01. For_Stage\10.UI\09. Loading_Image">
      <UniqueIdentifier>{20d7b23c-47d6-45b2-a4ef-81717fba2e23}</UniqueIdentifier>
    </Filter>
    <Filter Include="02. GameObject\01. For_Stage\10.UI\10. LoadingFont_BackGround">
      <UniqueIdentifier>{3ff66828-8087-43a4-ad3d-f12445507e3e}</UniqueIdentifier>
    </Filter>
    <Filter Include="02. GameObject\01. For_Stage\10.UI\11. Player_Dead_UI">
      <UniqueIdentifier>{2d0c2a7a-d2a4-426b-bfce-24617fb2cb48}</UniqueIdentifier>
    </Filter>
    <Filter Include="02. GameObject\01. For_Stage\10.UI\12. ShopUI">
      <UniqueIdentifier>{c6f6b4d5-788c-4e3d-8676-8bc6990f4c6e}</UniqueIdentifier>
    </Filter>
    <Filter Include="02. GameObject\01. For_Stage\10.UI\13. TestUI">
      <UniqueIdentifier>{cf9b2b27-61c7-40a3-8d4e-4e0dbb3036c9}</UniqueIdentifier>
    </Filter>
    <Filter Include="02. GameObject\01. For_Stage\11. Item">
      <UniqueIdentifier>{11708bb3-ba1b-488b-b96d-9efac9bbbc45}</UniqueIdentifier>
    </Filter>
    <Filter Include="02. GameObject\01. For_Stage\12. Gun_Screen">
      <UniqueIdentifier>{392b9e3b-54f2-473e-80a0-d37ddecdb03f}</UniqueIdentifier>
    </Filter>
    <Filter Include="02. GameObject\01. For_Stage\13. Equipment">
      <UniqueIdentifier>{3d26c1b0-9bbb-4ccd-bb56-7c2cc371aa03}</UniqueIdentifier>
    </Filter>
    <Filter Include="02. GameObject\02. For_Public">
      <UniqueIdentifier>{d3bd1daa-72d5-4ed7-8aba-fcf170ff7738}</UniqueIdentifier>
    </Filter>
    <Filter Include="02. GameObject\02. For_Public\00. Dynamic_Camera">
      <UniqueIdentifier>{c721a9fe-e00a-4fb3-b2e1-d7ee0d8e5036}</UniqueIdentifier>
    </Filter>
    <Filter Include="02. GameObject\02. For_Public\01. Static_Camera">
      <UniqueIdentifier>{f30919b2-b9e6-4cc6-af9e-2f4742fef719}</UniqueIdentifier>
    </Filter>
    <Filter Include="02. GameObject\02. For_Public\02. MyCamera">
      <UniqueIdentifier>{6b4f266c-fa07-43d3-bb95-e6e2874ff74a}</UniqueIdentifier>
    </Filter>
    <Filter Include="02. GameObject\02. For_Public\03. CubeWall">
      <UniqueIdentifier>{4f82cbe2-f37f-42ce-b969-f2ea4dc7426e}</UniqueIdentifier>
    </Filter>
    <Filter Include="02. GameObject\02. For_Public\04. SnowFall">
      <UniqueIdentifier>{62d1a49c-e91e-4c9c-9e8d-0194b1adb4f5}</UniqueIdentifier>
    </Filter>
    <Filter Include="02. GameObject\02. For_Public\05. TeleCube">
      <UniqueIdentifier>{4280acaa-59ba-4c4b-af67-98e12d07b3c8}</UniqueIdentifier>
    </Filter>
    <Filter Include="02. GameObject\02. For_Public\06. ControlRoom">
      <UniqueIdentifier>{6e0ae1d6-2267-47bc-929a-631592b5d870}</UniqueIdentifier>
    </Filter>
    <Filter Include="97. Mgr">
      <UniqueIdentifier>{b0e15b02-65ce-409e-8daa-b029a5c72986}</UniqueIdentifier>
    </Filter>
    <Filter Include="97. Mgr\00. ObjectMgr">
      <UniqueIdentifier>{cc816e7e-af33-4145-b927-9537c9bb4027}</UniqueIdentifier>
    </Filter>
    <Filter Include="97. Mgr\01. FileMgr">
      <UniqueIdentifier>{c5a3627d-6cab-4b33-85cc-228cc2aaaed0}</UniqueIdentifier>
    </Filter>
    <Filter Include="97. Mgr\03. AbstactFactory">
      <UniqueIdentifier>{640a5743-382d-4002-915e-9087fd010728}</UniqueIdentifier>
    </Filter>
    <Filter Include="97. Mgr\04. MouseMgr">
      <UniqueIdentifier>{9b10e3da-bdd2-4b51-9c85-33071486ab5a}</UniqueIdentifier>
    </Filter>
    <Filter Include="02. GameObject\00. For_Logo\00. BackGround">
      <UniqueIdentifier>{094a2926-5052-4936-9b55-7b820c6c24c5}</UniqueIdentifier>
    </Filter>
    <Filter Include="98. Imgui">
      <UniqueIdentifier>{7ac06007-9a79-4720-b94e-8af5e1f4d0c3}</UniqueIdentifier>
    </Filter>
    <Filter Include="99. Default">
      <UniqueIdentifier>{48391b74-2403-47a9-8832-daa4725d0ab8}</UniqueIdentifier>
    </Filter>
    <Filter Include="99. Default\PreSceneHeader">
      <UniqueIdentifier>{05818c7a-b44e-41f3-8952-2e789cfa9659}</UniqueIdentifier>
    </Filter>
    <Filter Include="02. GameObject\01. For_Stage\15. NPC\00. QuestNpc">
      <UniqueIdentifier>{6ebfe793-4e0f-444c-bbb2-7774eae95cda}</UniqueIdentifier>
    </Filter>
    <Filter Include="02. GameObject\01. For_Stage\15. NPC\01. ShopNpc">
      <UniqueIdentifier>{6007237b-6c74-48a1-af0b-c1f8cc9e8567}</UniqueIdentifier>
    </Filter>
    <Filter Include="02. GameObject\01. For_Stage\01.Monster\06. FireTrap">
      <UniqueIdentifier>{f47fa4fe-3016-49fd-abd6-64b4155ab5ea}</UniqueIdentifier>
    </Filter>
    <Filter Include="02. GameObject\01. For_Stage\01.Monster\07. FinalBoss">
      <UniqueIdentifier>{4ea4f4f2-f419-4a55-b359-f4ed09794451}</UniqueIdentifier>
    </Filter>
    <Filter Include="01. Scene\99. Loading">
      <UniqueIdentifier>{e2f0c339-6087-4078-841b-f649f1e073e9}</UniqueIdentifier>
    </Filter>
    <Filter Include="02. GameObject\01. For_Stage\10.UI\00. MetronomeUI\00. MetronomSmall">
      <UniqueIdentifier>{90fa4901-f3be-4e49-8989-b0025ddeaed9}</UniqueIdentifier>
    </Filter>
    <Filter Include="02. GameObject\01. For_Stage\10.UI\00. MetronomeUI\01. MetronomeRect">
      <UniqueIdentifier>{62864c67-96b2-4d16-aea0-2d6000552107}</UniqueIdentifier>
    </Filter>
    <Filter Include="01. Scene\02. MiniMap\00. MiniGame1">
      <UniqueIdentifier>{f2158c79-713e-46dc-baa3-9f80da5b2094}</UniqueIdentifier>
    </Filter>
    <Filter Include="97. Mgr\02. ImguiMgr">
      <UniqueIdentifier>{4ccc6339-1417-4b8d-8cc5-f37c879ad3c2}</UniqueIdentifier>
    </Filter>
    <Filter Include="97. Mgr\02. ImguiMgr\MonsterTool">
      <UniqueIdentifier>{4eecea97-ff0f-473a-94bf-b5e852c134cf}</UniqueIdentifier>
    </Filter>
    <Filter Include="02. GameObject\01. For_Stage\13. Equipment\00. Magnum">
      <UniqueIdentifier>{0eba17fe-34db-48d3-9b5f-18158d4969a7}</UniqueIdentifier>
    </Filter>
    <Filter Include="02. GameObject\01. For_Stage\13. Equipment\01. ShotGun">
      <UniqueIdentifier>{879895fd-03d8-4ea8-a527-b0166a8e7a46}</UniqueIdentifier>
    </Filter>
    <Filter Include="02. GameObject\01. For_Stage\13. Equipment\02. Helmet1">
      <UniqueIdentifier>{2abcc335-b9fc-4ca2-9f6c-41f1bfcab993}</UniqueIdentifier>
    </Filter>
    <Filter Include="02. GameObject\01. For_Stage\13. Equipment\03. Helmet2">
      <UniqueIdentifier>{2cc8b6f0-9984-42c7-b2e3-63a08db661de}</UniqueIdentifier>
    </Filter>
  </ItemGroup>
  <ItemGroup>
    <ResourceCompile Include="Client.rc">
      <Filter>99. Default</Filter>
    </ResourceCompile>
  </ItemGroup>
  <ItemGroup>
    <None Include="Imgui\imgui.ini">
      <Filter>98. Imgui</Filter>
    </None>
  </ItemGroup>
</Project>