<?xml version="1.0" encoding="utf-8"?>
<Project ToolsVersion="4.0" xmlns="http://schemas.microsoft.com/developer/msbuild/2003">
  <ItemGroup>
    <ClCompile Include="..\Code\BackGround.cpp">
      <Filter>02. GameObject\00. For_Logo\00. BackGround</Filter>
    </ClCompile>
    <ClCompile Include="..\Code\Bullet.cpp">
      <Filter>02. GameObject\01. For_stage\07. Bullet</Filter>
    </ClCompile>
    <ClCompile Include="Client.cpp">
      <Filter>99. Default</Filter>
    </ClCompile>
    <ClCompile Include="..\Code\ColliderStage.cpp">
      <Filter>01. Scene\97. ColliderScene</Filter>
    </ClCompile>
    <ClCompile Include="..\Code\DynamicCamera.cpp">
      <Filter>02. GameObject\02. For_Public\00. DynamicCamera</Filter>
    </ClCompile>
    <ClCompile Include="..\Code\Effect.cpp">
      <Filter>02. GameObject\01. For_stage\06. Effect</Filter>
    </ClCompile>
    <ClCompile Include="..\Code\FileIOMgr.cpp">
      <Filter>96. FileIOMgr</Filter>
    </ClCompile>
    <ClCompile Include="Imgui\GraphEditor.cpp">
      <Filter>98. ImGui</Filter>
    </ClCompile>
    <ClCompile Include="..\Code\HWPlayer.cpp">
      <Filter>02. GameObject\01. For_stage\01. TestPlayer\HWPlayer</Filter>
    </ClCompile>
    <ClCompile Include="Imgui\ImCurveEdit.cpp">
      <Filter>98. ImGui</Filter>
    </ClCompile>
    <ClCompile Include="Imgui\ImGradient.cpp">
      <Filter>98. ImGui</Filter>
    </ClCompile>
    <ClCompile Include="Imgui\imgui.cpp">
      <Filter>98. ImGui</Filter>
    </ClCompile>
    <ClCompile Include="Imgui\imgui_demo.cpp">
      <Filter>98. ImGui</Filter>
    </ClCompile>
    <ClCompile Include="Imgui\imgui_draw.cpp">
      <Filter>98. ImGui</Filter>
    </ClCompile>
    <ClCompile Include="Imgui\imgui_impl_dx9.cpp">
      <Filter>98. ImGui</Filter>
    </ClCompile>
    <ClCompile Include="Imgui\imgui_impl_win32.cpp">
      <Filter>98. ImGui</Filter>
    </ClCompile>
    <ClCompile Include="Imgui\imgui_tables.cpp">
      <Filter>98. ImGui</Filter>
    </ClCompile>
    <ClCompile Include="Imgui\imgui_widgets.cpp">
      <Filter>98. ImGui</Filter>
    </ClCompile>
    <ClCompile Include="Imgui\ImGuiFileBrowser.cpp">
      <Filter>98. ImGui</Filter>
    </ClCompile>
    <ClCompile Include="Imgui\ImGuiFileDialog.cpp">
      <Filter>98. ImGui</Filter>
    </ClCompile>
    <ClCompile Include="..\Code\ImGuiMgr.cpp">
      <Filter>97. ImGuiMgr</Filter>
    </ClCompile>
    <ClCompile Include="Imgui\ImGuizmo.cpp">
      <Filter>98. ImGui</Filter>
    </ClCompile>
    <ClCompile Include="Imgui\ImSequencer.cpp">
      <Filter>98. ImGui</Filter>
    </ClCompile>
    <ClCompile Include="..\Code\SkyBox.cpp">
      <Filter>02. GameObject\01. For_stage\04. SkyBox</Filter>
    </ClCompile>
    <ClCompile Include="..\Code\Loading.cpp">
      <Filter>01. Scene\99. Loading</Filter>
    </ClCompile>
    <ClCompile Include="..\Code\Monster.cpp">
      <Filter>02. GameObject\01. For_stage\02. TestMonster</Filter>
    </ClCompile>
    <ClCompile Include="..\Code\StaticCamera.cpp">
      <Filter>02. GameObject\02. For_Public\01. StaticCamera</Filter>
    </ClCompile>
    <ClCompile Include="..\Code\TestCube.cpp">
      <Filter>02. GameObject\01. For_stage\05. TestCube</Filter>
    </ClCompile>
    <ClCompile Include="..\Code\Logo.cpp">
      <Filter>01. Scene\00. Logo</Filter>
    </ClCompile>
    <ClCompile Include="..\Code\MainApp.cpp">
      <Filter>00. MainApp</Filter>
    </ClCompile>
    <ClCompile Include="..\Code\MyCamera.cpp">
      <Filter>02. GameObject\02. For_Public\02. MyCamera</Filter>
    </ClCompile>
    <ClCompile Include="..\Code\Stage.cpp">
      <Filter>01. Scene\01. Stage</Filter>
    </ClCompile>
    <ClCompile Include="..\Code\Terrain.cpp">
      <Filter>02. GameObject\01. For_stage\03. Terain</Filter>
    </ClCompile>
    <ClCompile Include="..\Code\TestMonster.cpp">
      <Filter>02. GameObject\01. For_stage\02. TestMonster</Filter>
    </ClCompile>
    <ClCompile Include="..\Code\TestPlayer.cpp">
      <Filter>02. GameObject\01. For_stage\01. TestPlayer</Filter>
    </ClCompile>
    <ClCompile Include="stdafx.cpp">
      <Filter>99. Default</Filter>
    </ClCompile>
    <ClCompile Include="..\Code\ToolTest.cpp">
      <Filter>01. Scene\98. TestScene</Filter>
    </ClCompile>
    <ClCompile Include="..\Code\TestUI.cpp">
      <Filter>02. GameObject\01. For_stage\96. TestUI</Filter>
    </ClCompile>
    <ClCompile Include="..\Code\HpBar.cpp">
      <Filter>02. GameObject\01. For_stage\08. HpBar</Filter>
    </ClCompile>
    <ClCompile Include="..\Code\MyButton.cpp">
      <Filter>02. GameObject\00. For_Logo\01. Button</Filter>
    </ClCompile>
  </ItemGroup>
  <ItemGroup>
    <ClInclude Include="..\Header\BackGround.h">
      <Filter>02. GameObject\00. For_Logo\00. BackGround</Filter>
    </ClInclude>
    <ClInclude Include="..\Header\Bullet.h">
      <Filter>02. GameObject\01. For_stage\07. Bullet</Filter>
    </ClInclude>
    <ClInclude Include="Client.h">
      <Filter>99. Default</Filter>
    </ClInclude>
    <ClInclude Include="..\Header\ColliderStage.h">
      <Filter>01. Scene\97. ColliderScene</Filter>
    </ClInclude>
    <ClInclude Include="..\Header\DynamicCamera.h">
      <Filter>02. GameObject\02. For_Public\00. DynamicCamera</Filter>
    </ClInclude>
    <ClInclude Include="..\Header\Effect.h">
      <Filter>02. GameObject\01. For_stage\06. Effect</Filter>
    </ClInclude>
    <ClInclude Include="..\Header\FileIOMgr.h">
      <Filter>96. FileIOMgr</Filter>
    </ClInclude>
    <ClInclude Include="Imgui\GraphEditor.h">
      <Filter>98. ImGui</Filter>
    </ClInclude>
    <ClInclude Include="..\Header\HWPlayer.h">
      <Filter>02. GameObject\01. For_stage\01. TestPlayer\HWPlayer</Filter>
    </ClInclude>
    <ClInclude Include="Imgui\imconfig.h">
      <Filter>98. ImGui</Filter>
    </ClInclude>
    <ClInclude Include="Imgui\ImCurveEdit.h">
      <Filter>98. ImGui</Filter>
    </ClInclude>
    <ClInclude Include="Imgui\ImGradient.h">
      <Filter>98. ImGui</Filter>
    </ClInclude>
    <ClInclude Include="Imgui\imgui.h">
      <Filter>98. ImGui</Filter>
    </ClInclude>
    <ClInclude Include="Imgui\imgui_impl_dx9.h">
      <Filter>98. ImGui</Filter>
    </ClInclude>
    <ClInclude Include="Imgui\imgui_impl_win32.h">
      <Filter>98. ImGui</Filter>
    </ClInclude>
    <ClInclude Include="Imgui\imgui_internal.h">
      <Filter>98. ImGui</Filter>
    </ClInclude>
    <ClInclude Include="Imgui\ImGuiFileBrowser.h">
      <Filter>98. ImGui</Filter>
    </ClInclude>
    <ClInclude Include="Imgui\ImGuiFileDialog.h">
      <Filter>98. ImGui</Filter>
    </ClInclude>
    <ClInclude Include="Imgui\ImGuiFileDialogConfig.h">
      <Filter>98. ImGui</Filter>
    </ClInclude>
    <ClInclude Include="..\Header\ImGuiMgr.h">
      <Filter>97. ImGuiMgr</Filter>
    </ClInclude>
    <ClInclude Include="Imgui\ImGuizmo.h">
      <Filter>98. ImGui</Filter>
    </ClInclude>
    <ClInclude Include="Imgui\ImSequencer.h">
      <Filter>98. ImGui</Filter>
    </ClInclude>
    <ClInclude Include="Imgui\imstb_rectpack.h">
      <Filter>98. ImGui</Filter>
    </ClInclude>
    <ClInclude Include="Imgui\imstb_textedit.h">
      <Filter>98. ImGui</Filter>
    </ClInclude>
    <ClInclude Include="Imgui\imstb_truetype.h">
      <Filter>98. ImGui</Filter>
    </ClInclude>
    <ClInclude Include="Imgui\ImZoomSlider.h">
      <Filter>98. ImGui</Filter>
    </ClInclude>
    <ClInclude Include="Resource.h">
      <Filter>99. Default</Filter>
    </ClInclude>
    <ClInclude Include="..\Header\SkyBox.h">
      <Filter>02. GameObject\01. For_stage\04. SkyBox</Filter>
    </ClInclude>
    <ClInclude Include="..\Header\Loading.h">
      <Filter>01. Scene\99. Loading</Filter>
    </ClInclude>
    <ClInclude Include="..\Header\Monster.h">
      <Filter>02. GameObject\01. For_stage\02. TestMonster</Filter>
    </ClInclude>
    <ClInclude Include="..\Header\StaticCamera.h">
      <Filter>02. GameObject\02. For_Public\01. StaticCamera</Filter>
    </ClInclude>
    <ClInclude Include="..\Header\TestCube.h">
      <Filter>02. GameObject\01. For_stage\05. TestCube</Filter>
    </ClInclude>
    <ClInclude Include="..\Header\Logo.h">
      <Filter>01. Scene\00. Logo</Filter>
    </ClInclude>
    <ClInclude Include="..\Header\MainApp.h">
      <Filter>00. MainApp</Filter>
    </ClInclude>
    <ClInclude Include="..\Header\MyCamera.h">
      <Filter>02. GameObject\02. For_Public\02. MyCamera</Filter>
    </ClInclude>
    <ClInclude Include="..\Header\Stage.h">
      <Filter>01. Scene\01. Stage</Filter>
    </ClInclude>
    <ClInclude Include="..\Header\Terrain.h">
      <Filter>02. GameObject\01. For_stage\03. Terain</Filter>
    </ClInclude>
    <ClInclude Include="..\Header\TestMonster.h">
      <Filter>02. GameObject\01. For_stage\02. TestMonster</Filter>
    </ClInclude>
    <ClInclude Include="..\Header\TestPlayer.h">
      <Filter>02. GameObject\01. For_stage\01. TestPlayer</Filter>
    </ClInclude>
    <ClInclude Include="stdafx.h">
      <Filter>99. Default</Filter>
    </ClInclude>
    <ClInclude Include="targetver.h">
      <Filter>99. Default</Filter>
    </ClInclude>
    <ClInclude Include="..\Header\ToolTest.h">
      <Filter>01. Scene\98. TestScene</Filter>
    </ClInclude>
    <ClInclude Include="..\Header\TestUI.h">
      <Filter>02. GameObject\01. For_stage\96. TestUI</Filter>
    </ClInclude>
    <ClInclude Include="..\Header\HpBar.h">
      <Filter>02. GameObject\01. For_stage\08. HpBar</Filter>
    </ClInclude>
    <ClInclude Include="..\Header\MyButton.h">
      <Filter>02. GameObject\00. For_Logo\01. Button</Filter>
    </ClInclude>
  </ItemGroup>
  <ItemGroup>
    <Image Include="Client.ico">
      <Filter>99. Default</Filter>
    </Image>
    <Image Include="small.ico">
      <Filter>99. Default</Filter>
    </Image>
  </ItemGroup>
  <ItemGroup>
    <Filter Include="00. MainApp">
      <UniqueIdentifier>{60881b06-db41-44d8-a09b-74c577fc9a18}</UniqueIdentifier>
    </Filter>
    <Filter Include="01. Scene">
      <UniqueIdentifier>{9172193e-d48f-4664-828f-35367ea50598}</UniqueIdentifier>
    </Filter>
    <Filter Include="01. Scene\00. Logo">
      <UniqueIdentifier>{2e999a88-ca82-46a4-8843-02b9fe82e61d}</UniqueIdentifier>
    </Filter>
    <Filter Include="01. Scene\01. Stage">
      <UniqueIdentifier>{c17dda6d-c96a-4bae-bddf-01013db3734f}</UniqueIdentifier>
    </Filter>
    <Filter Include="01. Scene\98. TestScene">
      <UniqueIdentifier>{9432b07b-ba70-41c2-92ca-a2133cf3b783}</UniqueIdentifier>
    </Filter>
    <Filter Include="01. Scene\99. Loading">
      <UniqueIdentifier>{f157b690-8d77-42ea-8b39-70aaebb17921}</UniqueIdentifier>
    </Filter>
    <Filter Include="02. GameObject">
      <UniqueIdentifier>{fe5b22b7-6398-4bc8-8239-826570021a3e}</UniqueIdentifier>
    </Filter>
    <Filter Include="02. GameObject\00. For_Logo">
      <UniqueIdentifier>{b155621e-03b0-4ba1-81e7-7b6680355356}</UniqueIdentifier>
    </Filter>
    <Filter Include="02. GameObject\01. For_stage">
      <UniqueIdentifier>{1d2e5287-0e4f-4ff2-a522-46c7b2c6bb6b}</UniqueIdentifier>
    </Filter>
    <Filter Include="02. GameObject\00. For_Logo\00. BackGround">
      <UniqueIdentifier>{a2f6e3a4-482f-47f2-8bc1-2f373789db2f}</UniqueIdentifier>
    </Filter>
    <Filter Include="02. GameObject\01. For_stage\01. TestPlayer">
      <UniqueIdentifier>{e2a98d89-81eb-4007-8c31-4e548abd82ab}</UniqueIdentifier>
    </Filter>
    <Filter Include="02. GameObject\01. For_stage\02. TestMonster">
      <UniqueIdentifier>{2ea8ed38-a42a-4793-9fe7-fb17bc1ae972}</UniqueIdentifier>
    </Filter>
    <Filter Include="02. GameObject\01. For_stage\03. Terain">
      <UniqueIdentifier>{3179ba32-6dfd-4d79-9f8b-e01813f3c892}</UniqueIdentifier>
    </Filter>
    <Filter Include="02. GameObject\01. For_stage\04. SkyBox">
      <UniqueIdentifier>{996e76e4-ee83-4578-9101-caf85a6a3240}</UniqueIdentifier>
    </Filter>
    <Filter Include="02. GameObject\01. For_stage\05. TestCube">
      <UniqueIdentifier>{532f7549-8883-4ce6-9e86-f40aa70f4549}</UniqueIdentifier>
    </Filter>
    <Filter Include="02. GameObject\01. For_stage\06. Effect">
      <UniqueIdentifier>{038ab801-ca45-42fc-9c16-04967d661089}</UniqueIdentifier>
    </Filter>
    <Filter Include="02. GameObject\02. For_Public">
      <UniqueIdentifier>{78ad8a08-1339-4eaf-b7b3-a4ecb82806ab}</UniqueIdentifier>
    </Filter>
    <Filter Include="02. GameObject\02. For_Public\00. DynamicCamera">
      <UniqueIdentifier>{fdc5ad37-ade0-4643-9881-0a3723a63502}</UniqueIdentifier>
    </Filter>
    <Filter Include="02. GameObject\02. For_Public\01. StaticCamera">
      <UniqueIdentifier>{0333015b-6e80-41e3-9f83-11648eba6176}</UniqueIdentifier>
    </Filter>
    <Filter Include="97. ImGuiMgr">
      <UniqueIdentifier>{0a8f2a57-0a07-4d29-b118-7440a1d93600}</UniqueIdentifier>
    </Filter>
    <Filter Include="98. ImGui">
      <UniqueIdentifier>{d20f7ade-4b9e-4b49-9ecf-05d721b3e168}</UniqueIdentifier>
    </Filter>
    <Filter Include="99. Default">
      <UniqueIdentifier>{f426af8c-43dc-4c35-a007-1c27cebc06d3}</UniqueIdentifier>
    </Filter>
    <Filter Include="02. GameObject\01. For_stage\07. Bullet">
      <UniqueIdentifier>{eebcd2c5-c0f5-411a-b49e-f7da29f3a248}</UniqueIdentifier>
    </Filter>
    <Filter Include="01. Scene\97. ColliderScene">
      <UniqueIdentifier>{b9340c44-a522-4d51-b5eb-17f7afd80738}</UniqueIdentifier>
    </Filter>
    <Filter Include="96. FileIOMgr">
      <UniqueIdentifier>{67949671-eca8-4ed6-a9dc-3b9793ac7f48}</UniqueIdentifier>
    </Filter>
    <Filter Include="02. GameObject\01. For_stage\01. TestPlayer\HWPlayer">
      <UniqueIdentifier>{250e0306-49f0-4e13-889e-84cf33348c6c}</UniqueIdentifier>
    </Filter>
    <Filter Include="02. GameObject\02. For_Public\02. MyCamera">
      <UniqueIdentifier>{dbd72156-1cac-46fd-af4c-b679347b2693}</UniqueIdentifier>
    </Filter>
    <Filter Include="02. GameObject\01. For_stage\96. TestUI">
      <UniqueIdentifier>{e6400d65-f8be-4a4d-ba14-da46248c0e32}</UniqueIdentifier>
    </Filter>
    <Filter Include="02. GameObject\01. For_stage\08. HpBar">
      <UniqueIdentifier>{23a2d999-6045-4b6e-9e47-38fa10ebbb9a}</UniqueIdentifier>
    </Filter>
    <Filter Include="02. GameObject\00. For_Logo\01. Button">
      <UniqueIdentifier>{5e41b4a1-8175-4546-a74b-c0221bfc4755}</UniqueIdentifier>
    </Filter>
  </ItemGroup>
  <ItemGroup>
    <ResourceCompile Include="Client.rc">
      <Filter>99. Default</Filter>
    </ResourceCompile>
  </ItemGroup>
  <ItemGroup>
    <None Include="Imgui\imgui.ini">
      <Filter>98. ImGui</Filter>
    </None>
  </ItemGroup>
  <ItemGroup>
    <Text Include="ReadMe.txt">
      <Filter>99. Default</Filter>
    </Text>
  </ItemGroup>
</Project>