<?xml version="1.0" encoding="utf-8"?>
<Project ToolsVersion="4.0" xmlns="http://schemas.microsoft.com/developer/msbuild/2003">
  <ItemGroup>
    <ClCompile Include="..\Code\Animation.cpp">
      <Filter>00. Component\04. Animation</Filter>
    </ClCompile>
    <ClCompile Include="..\Code\Calculator.cpp">
      <Filter>00. Component\03. Calculator</Filter>
    </ClCompile>
    <ClCompile Include="..\Code\Component.cpp">
      <Filter>00. Component</Filter>
    </ClCompile>
    <ClCompile Include="..\Code\CubeTex.cpp">
      <Filter>00. Component\00. VIBuffer\04. CubeTex</Filter>
    </ClCompile>
    <ClCompile Include="..\Code\RcCol.cpp">
      <Filter>00. Component\00. VIBuffer\01. RcCol</Filter>
    </ClCompile>
    <ClCompile Include="..\Code\RcTex.cpp">
      <Filter>00. Component\00. VIBuffer\02. RCTex</Filter>
    </ClCompile>
    <ClCompile Include="..\Code\TriCol.cpp">
      <Filter>00. Component\00. VIBuffer\00. TriCol</Filter>
    </ClCompile>
    <ClCompile Include="..\Code\TerrainTex.cpp">
      <Filter>00. Component\00. VIBuffer\03.TerrainTex</Filter>
    </ClCompile>
    <ClCompile Include="..\Code\Transform.cpp">
      <Filter>00. Component\01. Transform</Filter>
    </ClCompile>
    <ClCompile Include="..\Code\Texture.cpp">
      <Filter>00. Component\02. Texture</Filter>
    </ClCompile>
    <ClCompile Include="..\Code\VIBuffer.cpp">
      <Filter>00. Component\00. VIBuffer</Filter>
    </ClCompile>
    <ClCompile Include="..\Code\GameObject.cpp">
      <Filter>01. GameObject</Filter>
    </ClCompile>
    <ClCompile Include="..\Code\Camera.cpp">
      <Filter>01. GameObject\Camera</Filter>
    </ClCompile>
    <ClCompile Include="..\Code\Layer.cpp">
      <Filter>02. Layer</Filter>
    </ClCompile>
    <ClCompile Include="..\Code\Scene.cpp">
      <Filter>03. Scene</Filter>
    </ClCompile>
    <ClCompile Include="..\Code\Light.cpp">
      <Filter>03. Scene\04. Manager\04. LightMgr\Light</Filter>
    </ClCompile>
    <ClCompile Include="..\Code\LightMgr.cpp">
      <Filter>03. Scene\04. Manager\04. LightMgr</Filter>
    </ClCompile>
    <ClCompile Include="..\Code\Management.cpp">
      <Filter>03. Scene\04. Manager\00. Management</Filter>
    </ClCompile>
    <ClCompile Include="..\Code\ObjectMgr.cpp">
      <Filter>03. Scene\04. Manager\05. ObjectPoolMgr</Filter>
    </ClCompile>
    <ClCompile Include="..\Code\ProtoMgr.cpp">
      <Filter>03. Scene\04. Manager\01. ProtoMgr</Filter>
    </ClCompile>
    <ClCompile Include="..\Code\Pipeline.cpp">
      <Filter>03. Scene\04. Manager\03. Pipeline</Filter>
    </ClCompile>
    <ClCompile Include="..\Code\Renderer.cpp">
      <Filter>03. Scene\04. Manager\02. Renderer</Filter>
    </ClCompile>
    <ClCompile Include="..\Code\Collider.cpp">
      <Filter>00. Component\05. Collider</Filter>
    </ClCompile>
    <ClCompile Include="..\Code\OrthoTransform.cpp">
      <Filter>00. Component\01. Transform\97. OrthTransform</Filter>
    </ClCompile>
    <ClCompile Include="..\Code\CharacterInfo.cpp">
      <Filter>00. Component\06. CharacterInfo</Filter>
    </ClCompile>
    <ClCompile Include="..\Code\MonsterBase.cpp">
      <Filter>01. GameObject\Monster</Filter>
    </ClCompile>
  </ItemGroup>
  <ItemGroup>
    <ClInclude Include="..\..\Header\Export_Utility.h" />
    <ClInclude Include="..\..\Header\Animation.h">
      <Filter>00. Component\04. Animation</Filter>
    </ClInclude>
    <ClInclude Include="..\..\Header\Calculator.h">
      <Filter>00. Component\03. Calculator</Filter>
    </ClInclude>
    <ClInclude Include="..\..\Header\Component.h">
      <Filter>00. Component</Filter>
    </ClInclude>
    <ClInclude Include="..\..\Header\CubeTex.h">
      <Filter>00. Component\00. VIBuffer\04. CubeTex</Filter>
    </ClInclude>
    <ClInclude Include="..\..\Header\RcCol.h">
      <Filter>00. Component\00. VIBuffer\01. RcCol</Filter>
    </ClInclude>
    <ClInclude Include="..\..\Header\RcTex.h">
      <Filter>00. Component\00. VIBuffer\02. RCTex</Filter>
    </ClInclude>
    <ClInclude Include="..\..\Header\TriCol.h">
      <Filter>00. Component\00. VIBuffer\00. TriCol</Filter>
    </ClInclude>
    <ClInclude Include="..\..\Header\TerrainTex.h">
      <Filter>00. Component\00. VIBuffer\03.TerrainTex</Filter>
    </ClInclude>
    <ClInclude Include="..\..\Header\Texture.h">
      <Filter>00. Component\02. Texture</Filter>
    </ClInclude>
    <ClInclude Include="..\..\Header\VIBuffer.h">
      <Filter>00. Component\00. VIBuffer</Filter>
    </ClInclude>
    <ClInclude Include="..\..\Header\GameObject.h">
      <Filter>01. GameObject</Filter>
    </ClInclude>
    <ClInclude Include="..\..\Header\Camera.h">
      <Filter>01. GameObject\Camera</Filter>
    </ClInclude>
    <ClInclude Include="..\..\Header\Layer.h">
      <Filter>02. Layer</Filter>
    </ClInclude>
    <ClInclude Include="..\..\Header\Scene.h">
      <Filter>03. Scene</Filter>
    </ClInclude>
    <ClInclude Include="..\..\Header\Light.h">
      <Filter>03. Scene\04. Manager\04. LightMgr\Light</Filter>
    </ClInclude>
    <ClInclude Include="..\..\Header\LightMgr.h">
      <Filter>03. Scene\04. Manager\04. LightMgr</Filter>
    </ClInclude>
    <ClInclude Include="..\..\Header\Management.h">
      <Filter>03. Scene\04. Manager\00. Management</Filter>
    </ClInclude>
    <ClInclude Include="..\..\Header\ObjectMgr.h">
      <Filter>03. Scene\04. Manager\05. ObjectPoolMgr</Filter>
    </ClInclude>
    <ClInclude Include="..\..\Header\ProtoMgr.h">
      <Filter>03. Scene\04. Manager\01. ProtoMgr</Filter>
    </ClInclude>
    <ClInclude Include="..\..\Header\Pipeline.h">
      <Filter>03. Scene\04. Manager\03. Pipeline</Filter>
    </ClInclude>
    <ClInclude Include="..\..\Header\Renderer.h">
      <Filter>03. Scene\04. Manager\02. Renderer</Filter>
    </ClInclude>
    <ClInclude Include="..\..\Header\Collider.h">
      <Filter>00. Component\05. Collider</Filter>
    </ClInclude>
    <ClInclude Include="..\..\Header\OrthoTransform.h">
      <Filter>00. Component\01. Transform\97. OrthTransform</Filter>
    </ClInclude>
    <ClInclude Include="..\..\Header\CharacterInfo.h">
      <Filter>00. Component\06. CharacterInfo</Filter>
    </ClInclude>
    <ClInclude Include="..\..\Header\MonsterBase.h">
      <Filter>01. GameObject\Monster</Filter>
    </ClInclude>
    <ClInclude Include="..\..\Header\Transform.h">
      <Filter>00. Component\01. Transform</Filter>
    </ClInclude>
  </ItemGroup>
  <ItemGroup>
    <None Include="..\..\Header\Export_Utility.inl" />
  </ItemGroup>
  <ItemGroup>
    <Filter Include="00. Component">
      <UniqueIdentifier>{34074133-cdef-4fdf-88f2-4b4019b64ff7}</UniqueIdentifier>
    </Filter>
    <Filter Include="00. Component\00. VIBuffer">
      <UniqueIdentifier>{664d7213-4010-474b-9f47-e379a8586626}</UniqueIdentifier>
    </Filter>
    <Filter Include="00. Component\00. VIBuffer\00. TriCol">
      <UniqueIdentifier>{8870eb33-a923-490a-acec-63ca13740e9f}</UniqueIdentifier>
    </Filter>
    <Filter Include="00. Component\00. VIBuffer\02. RCTex">
      <UniqueIdentifier>{5c76a534-0cd4-4ff7-a786-990484e373b4}</UniqueIdentifier>
    </Filter>
    <Filter Include="00. Component\00. VIBuffer\01. RcCol">
      <UniqueIdentifier>{c9175a00-7ea7-4592-880e-bb25d344a737}</UniqueIdentifier>
    </Filter>
    <Filter Include="00. Component\00. VIBuffer\03.TerrainTex">
      <UniqueIdentifier>{0e25f9c8-8b82-4c0a-9b7d-4336a367fb17}</UniqueIdentifier>
    </Filter>
    <Filter Include="00. Component\00. VIBuffer\04. CubeTex">
      <UniqueIdentifier>{59bd90d1-7be1-4aae-8efc-a941412ddb45}</UniqueIdentifier>
    </Filter>
    <Filter Include="00. Component\02. Texture">
      <UniqueIdentifier>{a31f4344-1ccc-4870-a9c4-aa292dfc267e}</UniqueIdentifier>
    </Filter>
    <Filter Include="00. Component\03. Calculator">
      <UniqueIdentifier>{f4df516a-2a54-4656-ab74-c92a1c9c2c9a}</UniqueIdentifier>
    </Filter>
    <Filter Include="00. Component\04. Animation">
      <UniqueIdentifier>{e0573ed2-478a-453a-8347-f7d5f10bc675}</UniqueIdentifier>
    </Filter>
    <Filter Include="00. Component\01. Transform">
      <UniqueIdentifier>{60311d89-8521-468c-a8c8-1c96d17cbab2}</UniqueIdentifier>
    </Filter>
    <Filter Include="01. GameObject">
      <UniqueIdentifier>{a4f9621d-f98a-466a-91f5-521398ea1ede}</UniqueIdentifier>
    </Filter>
    <Filter Include="01. GameObject\Camera">
      <UniqueIdentifier>{237dec40-88bb-4845-9c69-12d78d07bbae}</UniqueIdentifier>
    </Filter>
    <Filter Include="02. Layer">
      <UniqueIdentifier>{057bb484-6aa6-4cbb-b039-777b9a65256c}</UniqueIdentifier>
    </Filter>
    <Filter Include="03. Scene">
      <UniqueIdentifier>{e9cb1994-6c3c-4c44-84a0-f016d3f792d3}</UniqueIdentifier>
    </Filter>
    <Filter Include="00. Component\05. Collider">
      <UniqueIdentifier>{d46a5c8a-d54a-4c3d-810a-a19eba545aeb}</UniqueIdentifier>
    </Filter>
    <Filter Include="00. Component\01. Transform\97. OrthTransform">
      <UniqueIdentifier>{bb8e0552-ac8c-4183-a015-d2685b1f9dde}</UniqueIdentifier>
    </Filter>
    <Filter Include="00. Component\06. CharacterInfo">
      <UniqueIdentifier>{ce375ab4-b693-42fa-9014-5380f58b78b7}</UniqueIdentifier>
    </Filter>
    <Filter Include="01. GameObject\Monster">
      <UniqueIdentifier>{feb04f23-9279-4288-a4ee-a1b9817fe775}</UniqueIdentifier>
    </Filter>
    <Filter Include="03. Scene\04. Manager">
      <UniqueIdentifier>{ae4c7f4e-2225-4b96-895a-5445b47d1aca}</UniqueIdentifier>
    </Filter>
    <Filter Include="03. Scene\04. Manager\00. Management">
      <UniqueIdentifier>{7a198dea-4dbf-44f7-aa96-4cb164f96922}</UniqueIdentifier>
    </Filter>
    <Filter Include="03. Scene\04. Manager\01. ProtoMgr">
      <UniqueIdentifier>{c57591e6-d7a8-4976-ba48-1043b049f99f}</UniqueIdentifier>
    </Filter>
    <Filter Include="03. Scene\04. Manager\02. Renderer">
      <UniqueIdentifier>{b8fb7ce0-2266-41d1-8050-632981ef0868}</UniqueIdentifier>
    </Filter>
    <Filter Include="03. Scene\04. Manager\03. Pipeline">
      <UniqueIdentifier>{3bce83cb-d415-4fb8-9cd4-e22866626177}</UniqueIdentifier>
    </Filter>
    <Filter Include="03. Scene\04. Manager\04. LightMgr">
      <UniqueIdentifier>{02f14da6-dcf0-47f1-9cf8-077972785e59}</UniqueIdentifier>
    </Filter>
    <Filter Include="03. Scene\04. Manager\04. LightMgr\Light">
      <UniqueIdentifier>{bcee6df7-6174-461e-9b52-8234ec7166b8}</UniqueIdentifier>
    </Filter>
    <Filter Include="03. Scene\04. Manager\05. ObjectPoolMgr">
      <UniqueIdentifier>{c5adf578-0a48-404f-a0fc-ee916e314a95}</UniqueIdentifier>
    </Filter>
  </ItemGroup>
</Project>