<?xml version="1.0" encoding="utf-8"?>
<Project ToolsVersion="4.0" xmlns="http://schemas.microsoft.com/developer/msbuild/2003">
  <ItemGroup>
    <ClCompile Include="..\Code\Animation.cpp">
      <Filter>00. Component\04. Animation</Filter>
    </ClCompile>
    <ClCompile Include="..\Code\Calculator.cpp">
      <Filter>00. Component\03.Calculator</Filter>
    </ClCompile>
    <ClCompile Include="..\Code\Camera.cpp">
      <Filter>01. GameObject\Camera</Filter>
    </ClCompile>
    <ClCompile Include="..\Code\Collider.cpp">
      <Filter>00. Component\05. Collder</Filter>
    </ClCompile>
    <ClCompile Include="..\Code\Component.cpp">
      <Filter>00. Component</Filter>
    </ClCompile>
    <ClCompile Include="..\Code\CubeTex.cpp">
      <Filter>00. Component\00. VIBuffer\04. CubeTex</Filter>
    </ClCompile>
    <ClCompile Include="..\Code\GameObject.cpp">
      <Filter>01. GameObject</Filter>
    </ClCompile>
    <ClCompile Include="..\Code\Layer.cpp">
      <Filter>02. Layer</Filter>
    </ClCompile>
    <ClCompile Include="..\Code\Light.cpp">
      <Filter>04. Manager\04. LightMgr\Light</Filter>
    </ClCompile>
    <ClCompile Include="..\Code\LightMgr.cpp">
      <Filter>04. Manager\04. LightMgr</Filter>
    </ClCompile>
    <ClCompile Include="..\Code\Management.cpp">
      <Filter>04. Manager\00. Management</Filter>
    </ClCompile>
    <ClCompile Include="..\Code\OrthoTransform.cpp">
      <Filter>00. Component\01. Transform\01. Ortho_Transform</Filter>
    </ClCompile>
    <ClCompile Include="..\Code\Pipeline.cpp">
      <Filter>04. Manager\03. Pipeline</Filter>
    </ClCompile>
    <ClCompile Include="..\Code\ProtoMgr.cpp">
      <Filter>04. Manager\01. ProtoMgr</Filter>
    </ClCompile>
    <ClCompile Include="..\Code\RcCol.cpp">
      <Filter>00. Component\00. VIBuffer\01. RcCol</Filter>
    </ClCompile>
    <ClCompile Include="..\Code\Scene.cpp">
      <Filter>03. Scene</Filter>
    </ClCompile>
    <ClCompile Include="..\Code\TerrainTex.cpp">
      <Filter>00. Component\00. VIBuffer\03. TerrainTex</Filter>
    </ClCompile>
    <ClCompile Include="..\Code\RcTex.cpp">
      <Filter>00. Component\00. VIBuffer\02. RcTex</Filter>
    </ClCompile>
    <ClCompile Include="..\Code\Texture.cpp">
      <Filter>00. Component\02. Texture</Filter>
    </ClCompile>
    <ClCompile Include="..\Code\VIBuffer.cpp">
      <Filter>00. Component\00. VIBuffer</Filter>
    </ClCompile>
    <ClCompile Include="..\Code\Transform.cpp">
      <Filter>00. Component\01. Transform</Filter>
    </ClCompile>
    <ClCompile Include="..\Code\CharacterInfo.cpp">
      <Filter>00. Component\06. CharacterInfo</Filter>
    </ClCompile>
    <ClCompile Include="..\Code\MonsterBase.cpp">
      <Filter>01. GameObject\Monster</Filter>
    </ClCompile>
    <ClCompile Include="..\Code\Dynamic_Transform.cpp">
      <Filter>00. Component\01. Transform\02. Dynamic_Transform</Filter>
    </ClCompile>
    <ClCompile Include="..\Code\SoundMgr.cpp">
      <Filter>04. Manager\06. SoundMgr</Filter>
    </ClCompile>
    <ClCompile Include="..\Code\Renderer.cpp">
      <Filter>04. Manager\02. Renderer</Filter>
    </ClCompile>
    <ClCompile Include="..\Code\TriCol.cpp">
      <Filter>00. Component\00. VIBuffer\00. TriCol</Filter>
    </ClCompile>
    <ClCompile Include="..\Code\Dynamic_Transform.cpp" />
    <ClCompile Include="..\Code\Renderer.cpp" />
    <ClCompile Include="..\Code\TriCol.cpp" />
    <ClCompile Include="..\Code\BaseBullet.cpp">
      <Filter>01. GameObject\Bullet</Filter>
    </ClCompile>
    <ClCompile Include="..\Code\ItemBase.cpp">
      <Filter>01. GameObject\ItemBase</Filter>
    </ClCompile>
    <ClCompile Include="..\Code\PSystem.cpp" />
  </ItemGroup>
  <ItemGroup>
    <ClInclude Include="..\..\Header\Animation.h">
      <Filter>00. Component\04. Animation</Filter>
    </ClInclude>
    <ClInclude Include="..\..\Header\Calculator.h">
      <Filter>00. Component\03.Calculator</Filter>
    </ClInclude>
    <ClInclude Include="..\..\Header\Camera.h">
      <Filter>01. GameObject\Camera</Filter>
    </ClInclude>
    <ClInclude Include="..\..\Header\Collider.h">
      <Filter>00. Component\05. Collder</Filter>
    </ClInclude>
    <ClInclude Include="..\..\Header\Component.h">
      <Filter>00. Component</Filter>
    </ClInclude>
    <ClInclude Include="..\..\Header\CubeTex.h">
      <Filter>00. Component\00. VIBuffer\04. CubeTex</Filter>
    </ClInclude>
    <ClInclude Include="..\..\Header\Export_Utility.h">
      <Filter>99. Export</Filter>
    </ClInclude>
    <ClInclude Include="..\..\Header\GameObject.h">
      <Filter>01. GameObject</Filter>
    </ClInclude>
    <ClInclude Include="..\..\Header\Layer.h">
      <Filter>02. Layer</Filter>
    </ClInclude>
    <ClInclude Include="..\..\Header\OrthoTransform.h">
      <Filter>00. Component\01. Transform\01. Ortho_Transform</Filter>
    </ClInclude>
    <ClInclude Include="..\..\Header\Pipeline.h">
      <Filter>04. Manager\03. Pipeline</Filter>
    </ClInclude>
    <ClInclude Include="..\..\Header\RcCol.h">
      <Filter>00. Component\00. VIBuffer\01. RcCol</Filter>
    </ClInclude>
    <ClInclude Include="..\..\Header\Scene.h">
      <Filter>03. Scene</Filter>
    </ClInclude>
    <ClInclude Include="..\..\Header\TerrainTex.h">
      <Filter>00. Component\00. VIBuffer\03. TerrainTex</Filter>
    </ClInclude>
    <ClInclude Include="..\..\Header\RcTex.h">
      <Filter>00. Component\00. VIBuffer\02. RcTex</Filter>
    </ClInclude>
    <ClInclude Include="..\..\Header\CharacterInfo.h">
      <Filter>00. Component\06. CharacterInfo</Filter>
    </ClInclude>
    <ClInclude Include="..\..\Header\Transform.h">
      <Filter>00. Component\01. Transform</Filter>
    </ClInclude>
    <ClInclude Include="..\..\Header\VIBuffer.h">
      <Filter>00. Component\00. VIBuffer</Filter>
    </ClInclude>
    <ClInclude Include="..\..\Header\Transform.h">
      <Filter>00. Component\01. Transform</Filter>
    </ClInclude>
    <ClInclude Include="..\..\Header\TriCol.h">
      <Filter>00. Component\00. VIBuffer\00. TriCol</Filter>
    </ClInclude>
    <ClInclude Include="..\..\Header\Dynamic_Transform.h">
      <Filter>00. Component\01. Transform\02. Dynamic_Transform</Filter>
    </ClInclude>
    <ClInclude Include="..\..\Header\SoundMgr.h">
      <Filter>04. Manager\06. SoundMgr</Filter>
    </ClInclude>
    <ClInclude Include="..\..\Header\Management.h">
      <Filter>04. Manager\00. Management</Filter>
    </ClInclude>
    <ClInclude Include="..\..\Header\LightMgr.h">
      <Filter>04. Manager\04. LightMgr</Filter>
    </ClInclude>
    <ClInclude Include="..\..\Header\Light.h">
      <Filter>04. Manager\04. LightMgr\Light</Filter>
    </ClInclude>
    <ClInclude Include="..\..\Header\Renderer.h">
      <Filter>04. Manager\02. Renderer</Filter>
    </ClInclude>
    <ClInclude Include="..\..\Header\Texture.h">
      <Filter>00. Component\02. Texture</Filter>
    </ClInclude>
    <ClInclude Include="..\..\Header\ProtoMgr.h">
      <Filter>04. Manager\01. ProtoMgr</Filter>
    </ClInclude>
    <ClInclude Include="..\..\Header\Dynamic_Transform.h" />
    <ClInclude Include="..\..\Header\Light.h" />
    <ClInclude Include="..\..\Header\LightMgr.h" />
    <ClInclude Include="..\..\Header\Management.h" />
    <ClInclude Include="..\..\Header\ProtoMgr.h" />
    <ClInclude Include="..\..\Header\Renderer.h" />
    <ClInclude Include="..\..\Header\Texture.h" />
    <ClInclude Include="..\..\Header\MonsterBase.h">
      <Filter>01. GameObject\Monster</Filter>
    </ClInclude>
    <ClInclude Include="..\..\Header\BaseBullet.h">
      <Filter>01. GameObject\Bullet</Filter>
    </ClInclude>
    <ClInclude Include="..\..\Header\ItemBase.h">
      <Filter>01. GameObject\ItemBase</Filter>
    </ClInclude>
    <ClInclude Include="..\..\Header\PSystem.h" />
  </ItemGroup>
  <ItemGroup>
    <Filter Include="00. Component">
      <UniqueIdentifier>{48123ad3-546e-4ba6-8f20-de22fbdeb6e0}</UniqueIdentifier>
    </Filter>
    <Filter Include="00. Component\00. VIBuffer">
      <UniqueIdentifier>{cc11fa7f-ba4b-4d11-bef1-ed3b4ce6ec8b}</UniqueIdentifier>
    </Filter>
    <Filter Include="00. Component\02. Texture">
      <UniqueIdentifier>{d9d58d4e-bbd9-4fe5-89c0-d06c61dc037e}</UniqueIdentifier>
    </Filter>
    <Filter Include="00. Component\01. Transform">
      <UniqueIdentifier>{3c6467d8-fefc-4775-b014-769151ea90ea}</UniqueIdentifier>
    </Filter>
    <Filter Include="00. Component\03.Calculator">
      <UniqueIdentifier>{d5e5125f-836a-4618-b641-a491ff677cf5}</UniqueIdentifier>
    </Filter>
    <Filter Include="00. Component\04. Animation">
      <UniqueIdentifier>{9ae69d5c-1c55-488f-8c7c-fb16d9ecda05}</UniqueIdentifier>
    </Filter>
    <Filter Include="01. GameObject">
      <UniqueIdentifier>{8bb660fa-6e31-4e30-8e18-cfd9a2853e98}</UniqueIdentifier>
    </Filter>
    <Filter Include="02. Layer">
      <UniqueIdentifier>{79dead2d-ee1c-4062-9fd5-6508dbea4583}</UniqueIdentifier>
    </Filter>
    <Filter Include="03. Scene">
      <UniqueIdentifier>{3a9aa86a-8354-475f-867d-6216e0f29dfc}</UniqueIdentifier>
    </Filter>
    <Filter Include="04. Manager">
      <UniqueIdentifier>{03a8728b-c0d1-4dfe-8854-1b2e4cf21724}</UniqueIdentifier>
    </Filter>
    <Filter Include="99. Export">
      <UniqueIdentifier>{15438c7b-6c45-4738-a8e4-42e6ef7e1f15}</UniqueIdentifier>
    </Filter>
    <Filter Include="01. GameObject\Camera">
      <UniqueIdentifier>{9ac32188-b2d7-4050-95b0-80d95cc80ccb}</UniqueIdentifier>
    </Filter>
    <Filter Include="00. Component\05. Collder">
      <UniqueIdentifier>{ed7e5460-4b35-4494-b400-3d9ebab41c82}</UniqueIdentifier>
    </Filter>
    <Filter Include="00. Component\00. VIBuffer\00. TriCol">
      <UniqueIdentifier>{0d64dfb4-279c-4634-8694-88d52a0116f2}</UniqueIdentifier>
    </Filter>
    <Filter Include="00. Component\00. VIBuffer\01. RcCol">
      <UniqueIdentifier>{49ed0476-7bbd-4120-afbf-20a2d495cf3e}</UniqueIdentifier>
    </Filter>
    <Filter Include="00. Component\00. VIBuffer\02. RcTex">
      <UniqueIdentifier>{8aa10279-d646-4646-82be-d2e518624c86}</UniqueIdentifier>
    </Filter>
    <Filter Include="00. Component\00. VIBuffer\03. TerrainTex">
      <UniqueIdentifier>{31a4fbe4-5552-4257-99d5-75207854aa82}</UniqueIdentifier>
    </Filter>
    <Filter Include="00. Component\00. VIBuffer\04. CubeTex">
      <UniqueIdentifier>{686768c7-9b65-41d6-8571-fca53674757c}</UniqueIdentifier>
    </Filter>
    <Filter Include="00. Component\06. CharacterInfo">
      <UniqueIdentifier>{ce375ab4-b693-42fa-9014-5380f58b78b7}</UniqueIdentifier>
    </Filter>
    <Filter Include="01. GameObject\Monster">
      <UniqueIdentifier>{feb04f23-9279-4288-a4ee-a1b9817fe775}</UniqueIdentifier>
    </Filter>
    <Filter Include="03. Scene\04. Manager">
      <UniqueIdentifier>{ae4c7f4e-2225-4b96-895a-5445b47d1aca}</UniqueIdentifier>
    </Filter>
    <Filter Include="04. Manager\00. Management">
      <UniqueIdentifier>{f4d03c6c-9577-496b-bd3e-0e3471c6c161}</UniqueIdentifier>
    </Filter>
    <Filter Include="04. Manager\01. ProtoMgr">
      <UniqueIdentifier>{2effd5ab-836f-428a-947c-fae2fb5d1cf5}</UniqueIdentifier>
    </Filter>
    <Filter Include="04. Manager\02. Renderer">
      <UniqueIdentifier>{f05a562c-94a2-4c98-8ca2-015c05020c29}</UniqueIdentifier>
    </Filter>
    <Filter Include="04. Manager\03. Pipeline">
      <UniqueIdentifier>{3e394bd3-7be3-4a75-96ec-7b5c7db0cb51}</UniqueIdentifier>
    </Filter>
    <Filter Include="04. Manager\04. LightMgr">
      <UniqueIdentifier>{36bd7216-2be1-4124-8ad0-e38392e43741}</UniqueIdentifier>
    </Filter>
    <Filter Include="04. Manager\04. LightMgr\Light">
      <UniqueIdentifier>{868ed9f8-3104-40e9-a3e1-7e7b35aeb85c}</UniqueIdentifier>
    </Filter>
    <Filter Include="00. Component\01. Transform\01. Ortho_Transform">
      <UniqueIdentifier>{b2622914-02bc-47aa-89d7-d9d747dedb11}</UniqueIdentifier>
    </Filter>
    <Filter Include="00. Component\01. Transform\02. Dynamic_Transform">
      <UniqueIdentifier>{4eea6591-4036-4d8b-8d78-3051f3dbfa02}</UniqueIdentifier>
    </Filter>
    <Filter Include="00. Component\99. Sound">
      <UniqueIdentifier>{7f6b0b3a-27be-4204-94f2-a0d5d156a6e0}</UniqueIdentifier>
    </Filter>
    <Filter Include="04. Manager\06. SoundMgr">
      <UniqueIdentifier>{9012ee41-481d-47df-bf1b-16c66022f57c}</UniqueIdentifier>
    </Filter>
    <Filter Include="01. GameObject\Bullet">
      <UniqueIdentifier>{3f79c35e-90f4-40c6-8390-4df3b7b4c203}</UniqueIdentifier>
    </Filter>
    <Filter Include="01. GameObject\ItemBase">
      <UniqueIdentifier>{38c524d6-8b24-4e85-a6ef-56c779367bf6}</UniqueIdentifier>
    </Filter>
  </ItemGroup>
  <ItemGroup>
    <None Include="..\..\Header\Export_Utility.inl">
      <Filter>99. Export</Filter>
    </None>
  </ItemGroup>
</Project>